// !$*UTF8*$!
{
	archiveVersion = 1;
	classes = {
	};
	objectVersion = 50;
	objects = {

/* Begin PBXBuildFile section */
		FAB33EAA26A6AC730050FB67 /* AppDelegate.swift in Sources */ = {isa = PBXBuildFile; fileRef = FAB33EA926A6AC730050FB67 /* AppDelegate.swift */; };
		FAB33EAE26A6AC730050FB67 /* ViewController.swift in Sources */ = {isa = PBXBuildFile; fileRef = FAB33EAD26A6AC730050FB67 /* ViewController.swift */; };
		FAB33EB126A6AC730050FB67 /* Main.storyboard in Resources */ = {isa = PBXBuildFile; fileRef = FAB33EAF26A6AC730050FB67 /* Main.storyboard */; };
		FAB33EB326A6AC7C0050FB67 /* Assets.xcassets in Resources */ = {isa = PBXBuildFile; fileRef = FAB33EB226A6AC7C0050FB67 /* Assets.xcassets */; };
		FAB33EB626A6AC7C0050FB67 /* LaunchScreen.storyboard in Resources */ = {isa = PBXBuildFile; fileRef = FAB33EB426A6AC7C0050FB67 /* LaunchScreen.storyboard */; };
		FAB33EE926A6AED10050FB67 /* HomeViewController.swift in Sources */ = {isa = PBXBuildFile; fileRef = FAB33EE726A6AED10050FB67 /* HomeViewController.swift */; };
		FAB33EEA26A6AED10050FB67 /* HomeViewController.xib in Resources */ = {isa = PBXBuildFile; fileRef = FAB33EE826A6AED10050FB67 /* HomeViewController.xib */; };
		FAB33EF226A6D5840050FB67 /* ResizeView.swift in Sources */ = {isa = PBXBuildFile; fileRef = FAB33EF126A6D5840050FB67 /* ResizeView.swift */; };
		FAB33EF526A6D59B0050FB67 /* ResizeView.xib in Resources */ = {isa = PBXBuildFile; fileRef = FAB33EF426A6D59B0050FB67 /* ResizeView.xib */; };
		FAB33EF926A6E4E70050FB67 /* Photos.framework in Frameworks */ = {isa = PBXBuildFile; fileRef = FAB33EF826A6E4E70050FB67 /* Photos.framework */; };
		FAB33EFB26A6E6910050FB67 /* MobileCoreServices.framework in Frameworks */ = {isa = PBXBuildFile; fileRef = FAB33EFA26A6E6910050FB67 /* MobileCoreServices.framework */; };
/* End PBXBuildFile section */

/* Begin PBXFileReference section */
		FAB33EA626A6AC730050FB67 /* Photo-Resizing-Filtering.app */ = {isa = PBXFileReference; explicitFileType = wrapper.application; includeInIndex = 0; path = "Photo-Resizing-Filtering.app"; sourceTree = BUILT_PRODUCTS_DIR; };
		FAB33EA926A6AC730050FB67 /* AppDelegate.swift */ = {isa = PBXFileReference; lastKnownFileType = sourcecode.swift; path = AppDelegate.swift; sourceTree = "<group>"; };
		FAB33EAD26A6AC730050FB67 /* ViewController.swift */ = {isa = PBXFileReference; lastKnownFileType = sourcecode.swift; path = ViewController.swift; sourceTree = "<group>"; };
		FAB33EB026A6AC730050FB67 /* Base */ = {isa = PBXFileReference; lastKnownFileType = file.storyboard; name = Base; path = Base.lproj/Main.storyboard; sourceTree = "<group>"; };
		FAB33EB226A6AC7C0050FB67 /* Assets.xcassets */ = {isa = PBXFileReference; lastKnownFileType = folder.assetcatalog; path = Assets.xcassets; sourceTree = "<group>"; };
		FAB33EB526A6AC7C0050FB67 /* Base */ = {isa = PBXFileReference; lastKnownFileType = file.storyboard; name = Base; path = Base.lproj/LaunchScreen.storyboard; sourceTree = "<group>"; };
		FAB33EB726A6AC7C0050FB67 /* Info.plist */ = {isa = PBXFileReference; lastKnownFileType = text.plist.xml; path = Info.plist; sourceTree = "<group>"; };
		FAB33EE726A6AED10050FB67 /* HomeViewController.swift */ = {isa = PBXFileReference; lastKnownFileType = sourcecode.swift; path = HomeViewController.swift; sourceTree = "<group>"; };
		FAB33EE826A6AED10050FB67 /* HomeViewController.xib */ = {isa = PBXFileReference; lastKnownFileType = file.xib; path = HomeViewController.xib; sourceTree = "<group>"; };
		FAB33EF126A6D5840050FB67 /* ResizeView.swift */ = {isa = PBXFileReference; lastKnownFileType = sourcecode.swift; path = ResizeView.swift; sourceTree = "<group>"; };
		FAB33EF426A6D59B0050FB67 /* ResizeView.xib */ = {isa = PBXFileReference; lastKnownFileType = file.xib; path = ResizeView.xib; sourceTree = "<group>"; };
		FAB33EF826A6E4E70050FB67 /* Photos.framework */ = {isa = PBXFileReference; lastKnownFileType = wrapper.framework; name = Photos.framework; path = System/Library/Frameworks/Photos.framework; sourceTree = SDKROOT; };
		FAB33EFA26A6E6910050FB67 /* MobileCoreServices.framework */ = {isa = PBXFileReference; lastKnownFileType = wrapper.framework; name = MobileCoreServices.framework; path = System/Library/Frameworks/MobileCoreServices.framework; sourceTree = SDKROOT; };
/* End PBXFileReference section */

/* Begin PBXFrameworksBuildPhase section */
		FAB33EA326A6AC730050FB67 /* Frameworks */ = {
			isa = PBXFrameworksBuildPhase;
			buildActionMask = 2147483647;
			files = (
				FAB33EFB26A6E6910050FB67 /* MobileCoreServices.framework in Frameworks */,
				FAB33EF926A6E4E70050FB67 /* Photos.framework in Frameworks */,
			);
			runOnlyForDeploymentPostprocessing = 0;
		};
/* End PBXFrameworksBuildPhase section */

/* Begin PBXGroup section */
		FAB33E9D26A6AC730050FB67 = {
			isa = PBXGroup;
			children = (
				FAB33EA826A6AC730050FB67 /* Photo-Resizing-Filtering */,
				FAB33EA726A6AC730050FB67 /* Products */,
				FAB33EF726A6E4E70050FB67 /* Frameworks */,
			);
			sourceTree = "<group>";
		};
		FAB33EA726A6AC730050FB67 /* Products */ = {
			isa = PBXGroup;
			children = (
				FAB33EA626A6AC730050FB67 /* Photo-Resizing-Filtering.app */,
			);
			name = Products;
			sourceTree = "<group>";
		};
		FAB33EA826A6AC730050FB67 /* Photo-Resizing-Filtering */ = {
			isa = PBXGroup;
			children = (
				FAB33EE426A6AE760050FB67 /* Modules */,
				FAB33EA926A6AC730050FB67 /* AppDelegate.swift */,
				FAB33EAD26A6AC730050FB67 /* ViewController.swift */,
				FAB33EAF26A6AC730050FB67 /* Main.storyboard */,
				FAB33EB226A6AC7C0050FB67 /* Assets.xcassets */,
				FAB33EB426A6AC7C0050FB67 /* LaunchScreen.storyboard */,
				FAB33EB726A6AC7C0050FB67 /* Info.plist */,
			);
			path = "Photo-Resizing-Filtering";
			sourceTree = "<group>";
		};
		FAB33EE426A6AE760050FB67 /* Modules */ = {
			isa = PBXGroup;
			children = (
				FAB33EE526A6AE880050FB67 /* HomePage */,
			);
			path = Modules;
			sourceTree = "<group>";
		};
		FAB33EE526A6AE880050FB67 /* HomePage */ = {
			isa = PBXGroup;
			children = (
				FAB33EEE26A6D2A80050FB67 /* Views */,
				FAB33EE626A6AEAF0050FB67 /* HomeViewController */,
			);
			path = HomePage;
			sourceTree = "<group>";
		};
		FAB33EE626A6AEAF0050FB67 /* HomeViewController */ = {
			isa = PBXGroup;
			children = (
				FAB33EE726A6AED10050FB67 /* HomeViewController.swift */,
				FAB33EE826A6AED10050FB67 /* HomeViewController.xib */,
			);
			path = HomeViewController;
			sourceTree = "<group>";
		};
		FAB33EEE26A6D2A80050FB67 /* Views */ = {
			isa = PBXGroup;
			children = (
				FAB33EF026A6D2CB0050FB67 /* FilterView */,
				FAB33EEF26A6D2B60050FB67 /* ResizeView */,
			);
			path = Views;
			sourceTree = "<group>";
		};
		FAB33EEF26A6D2B60050FB67 /* ResizeView */ = {
			isa = PBXGroup;
			children = (
				FAB33EF126A6D5840050FB67 /* ResizeView.swift */,
				FAB33EF426A6D59B0050FB67 /* ResizeView.xib */,
			);
			path = ResizeView;
			sourceTree = "<group>";
		};
		FAB33EF026A6D2CB0050FB67 /* FilterView */ = {
			isa = PBXGroup;
			children = (
			);
			path = FilterView;
			sourceTree = "<group>";
		};
		FAB33EF726A6E4E70050FB67 /* Frameworks */ = {
			isa = PBXGroup;
			children = (
				FAB33EFA26A6E6910050FB67 /* MobileCoreServices.framework */,
				FAB33EF826A6E4E70050FB67 /* Photos.framework */,
			);
			name = Frameworks;
			sourceTree = "<group>";
		};
/* End PBXGroup section */

/* Begin PBXNativeTarget section */
		FAB33EA526A6AC730050FB67 /* Photo-Resizing-Filtering */ = {
			isa = PBXNativeTarget;
			buildConfigurationList = FAB33EBA26A6AC7C0050FB67 /* Build configuration list for PBXNativeTarget "Photo-Resizing-Filtering" */;
			buildPhases = (
				FAB33EA226A6AC730050FB67 /* Sources */,
				FAB33EA326A6AC730050FB67 /* Frameworks */,
				FAB33EA426A6AC730050FB67 /* Resources */,
			);
			buildRules = (
			);
			dependencies = (
			);
			name = "Photo-Resizing-Filtering";
			productName = "Photo-Resizing-Filtering";
			productReference = FAB33EA626A6AC730050FB67 /* Photo-Resizing-Filtering.app */;
			productType = "com.apple.product-type.application";
		};
/* End PBXNativeTarget section */

/* Begin PBXProject section */
		FAB33E9E26A6AC730050FB67 /* Project object */ = {
			isa = PBXProject;
			attributes = {
				LastSwiftUpdateCheck = 1240;
				LastUpgradeCheck = 1240;
				TargetAttributes = {
					FAB33EA526A6AC730050FB67 = {
						CreatedOnToolsVersion = 12.4;
					};
				};
			};
			buildConfigurationList = FAB33EA126A6AC730050FB67 /* Build configuration list for PBXProject "Photo-Resizing-Filtering" */;
			compatibilityVersion = "Xcode 9.3";
			developmentRegion = en;
			hasScannedForEncodings = 0;
			knownRegions = (
				en,
				Base,
			);
			mainGroup = FAB33E9D26A6AC730050FB67;
			productRefGroup = FAB33EA726A6AC730050FB67 /* Products */;
			projectDirPath = "";
			projectRoot = "";
			targets = (
				FAB33EA526A6AC730050FB67 /* Photo-Resizing-Filtering */,
			);
		};
/* End PBXProject section */

/* Begin PBXResourcesBuildPhase section */
		FAB33EA426A6AC730050FB67 /* Resources */ = {
			isa = PBXResourcesBuildPhase;
			buildActionMask = 2147483647;
			files = (
				FAB33EB626A6AC7C0050FB67 /* LaunchScreen.storyboard in Resources */,
				FAB33EB326A6AC7C0050FB67 /* Assets.xcassets in Resources */,
				FAB33EF526A6D59B0050FB67 /* ResizeView.xib in Resources */,
				FAB33EB126A6AC730050FB67 /* Main.storyboard in Resources */,
				FAB33EEA26A6AED10050FB67 /* HomeViewController.xib in Resources */,
			);
			runOnlyForDeploymentPostprocessing = 0;
		};
/* End PBXResourcesBuildPhase section */

/* Begin PBXSourcesBuildPhase section */
		FAB33EA226A6AC730050FB67 /* Sources */ = {
			isa = PBXSourcesBuildPhase;
			buildActionMask = 2147483647;
			files = (
				FAB33EF226A6D5840050FB67 /* ResizeView.swift in Sources */,
				FAB33EAE26A6AC730050FB67 /* ViewController.swift in Sources */,
				FAB33EAA26A6AC730050FB67 /* AppDelegate.swift in Sources */,
				FAB33EE926A6AED10050FB67 /* HomeViewController.swift in Sources */,
			);
			runOnlyForDeploymentPostprocessing = 0;
		};
/* End PBXSourcesBuildPhase section */

/* Begin PBXVariantGroup section */
		FAB33EAF26A6AC730050FB67 /* Main.storyboard */ = {
			isa = PBXVariantGroup;
			children = (
				FAB33EB026A6AC730050FB67 /* Base */,
			);
			name = Main.storyboard;
			sourceTree = "<group>";
		};
		FAB33EB426A6AC7C0050FB67 /* LaunchScreen.storyboard */ = {
			isa = PBXVariantGroup;
			children = (
				FAB33EB526A6AC7C0050FB67 /* Base */,
			);
			name = LaunchScreen.storyboard;
			sourceTree = "<group>";
		};
/* End PBXVariantGroup section */

/* Begin XCBuildConfiguration section */
		FAB33EB826A6AC7C0050FB67 /* Debug */ = {
			isa = XCBuildConfiguration;
			buildSettings = {
				ALWAYS_SEARCH_USER_PATHS = NO;
				CLANG_ANALYZER_NONNULL = YES;
				CLANG_ANALYZER_NUMBER_OBJECT_CONVERSION = YES_AGGRESSIVE;
				CLANG_CXX_LANGUAGE_STANDARD = "gnu++14";
				CLANG_CXX_LIBRARY = "libc++";
				CLANG_ENABLE_MODULES = YES;
				CLANG_ENABLE_OBJC_ARC = YES;
				CLANG_ENABLE_OBJC_WEAK = YES;
				CLANG_WARN_BLOCK_CAPTURE_AUTORELEASING = YES;
				CLANG_WARN_BOOL_CONVERSION = YES;
				CLANG_WARN_COMMA = YES;
				CLANG_WARN_CONSTANT_CONVERSION = YES;
				CLANG_WARN_DEPRECATED_OBJC_IMPLEMENTATIONS = YES;
				CLANG_WARN_DIRECT_OBJC_ISA_USAGE = YES_ERROR;
				CLANG_WARN_DOCUMENTATION_COMMENTS = YES;
				CLANG_WARN_EMPTY_BODY = YES;
				CLANG_WARN_ENUM_CONVERSION = YES;
				CLANG_WARN_INFINITE_RECURSION = YES;
				CLANG_WARN_INT_CONVERSION = YES;
				CLANG_WARN_NON_LITERAL_NULL_CONVERSION = YES;
				CLANG_WARN_OBJC_IMPLICIT_RETAIN_SELF = YES;
				CLANG_WARN_OBJC_LITERAL_CONVERSION = YES;
				CLANG_WARN_OBJC_ROOT_CLASS = YES_ERROR;
				CLANG_WARN_QUOTED_INCLUDE_IN_FRAMEWORK_HEADER = YES;
				CLANG_WARN_RANGE_LOOP_ANALYSIS = YES;
				CLANG_WARN_STRICT_PROTOTYPES = YES;
				CLANG_WARN_SUSPICIOUS_MOVE = YES;
				CLANG_WARN_UNGUARDED_AVAILABILITY = YES_AGGRESSIVE;
				CLANG_WARN_UNREACHABLE_CODE = YES;
				CLANG_WARN__DUPLICATE_METHOD_MATCH = YES;
				COPY_PHASE_STRIP = NO;
				DEBUG_INFORMATION_FORMAT = dwarf;
				ENABLE_STRICT_OBJC_MSGSEND = YES;
				ENABLE_TESTABILITY = YES;
				GCC_C_LANGUAGE_STANDARD = gnu11;
				GCC_DYNAMIC_NO_PIC = NO;
				GCC_NO_COMMON_BLOCKS = YES;
				GCC_OPTIMIZATION_LEVEL = 0;
				GCC_PREPROCESSOR_DEFINITIONS = (
					"DEBUG=1",
					"$(inherited)",
				);
				GCC_WARN_64_TO_32_BIT_CONVERSION = YES;
				GCC_WARN_ABOUT_RETURN_TYPE = YES_ERROR;
				GCC_WARN_UNDECLARED_SELECTOR = YES;
				GCC_WARN_UNINITIALIZED_AUTOS = YES_AGGRESSIVE;
				GCC_WARN_UNUSED_FUNCTION = YES;
				GCC_WARN_UNUSED_VARIABLE = YES;
				IPHONEOS_DEPLOYMENT_TARGET = 14.4;
				MTL_ENABLE_DEBUG_INFO = INCLUDE_SOURCE;
				MTL_FAST_MATH = YES;
				ONLY_ACTIVE_ARCH = YES;
				SDKROOT = iphoneos;
				SWIFT_ACTIVE_COMPILATION_CONDITIONS = DEBUG;
				SWIFT_OPTIMIZATION_LEVEL = "-Onone";
			};
			name = Debug;
		};
		FAB33EB926A6AC7C0050FB67 /* Release */ = {
			isa = XCBuildConfiguration;
			buildSettings = {
				ALWAYS_SEARCH_USER_PATHS = NO;
				CLANG_ANALYZER_NONNULL = YES;
				CLANG_ANALYZER_NUMBER_OBJECT_CONVERSION = YES_AGGRESSIVE;
				CLANG_CXX_LANGUAGE_STANDARD = "gnu++14";
				CLANG_CXX_LIBRARY = "libc++";
				CLANG_ENABLE_MODULES = YES;
				CLANG_ENABLE_OBJC_ARC = YES;
				CLANG_ENABLE_OBJC_WEAK = YES;
				CLANG_WARN_BLOCK_CAPTURE_AUTORELEASING = YES;
				CLANG_WARN_BOOL_CONVERSION = YES;
				CLANG_WARN_COMMA = YES;
				CLANG_WARN_CONSTANT_CONVERSION = YES;
				CLANG_WARN_DEPRECATED_OBJC_IMPLEMENTATIONS = YES;
				CLANG_WARN_DIRECT_OBJC_ISA_USAGE = YES_ERROR;
				CLANG_WARN_DOCUMENTATION_COMMENTS = YES;
				CLANG_WARN_EMPTY_BODY = YES;
				CLANG_WARN_ENUM_CONVERSION = YES;
				CLANG_WARN_INFINITE_RECURSION = YES;
				CLANG_WARN_INT_CONVERSION = YES;
				CLANG_WARN_NON_LITERAL_NULL_CONVERSION = YES;
				CLANG_WARN_OBJC_IMPLICIT_RETAIN_SELF = YES;
				CLANG_WARN_OBJC_LITERAL_CONVERSION = YES;
				CLANG_WARN_OBJC_ROOT_CLASS = YES_ERROR;
				CLANG_WARN_QUOTED_INCLUDE_IN_FRAMEWORK_HEADER = YES;
				CLANG_WARN_RANGE_LOOP_ANALYSIS = YES;
				CLANG_WARN_STRICT_PROTOTYPES = YES;
				CLANG_WARN_SUSPICIOUS_MOVE = YES;
				CLANG_WARN_UNGUARDED_AVAILABILITY = YES_AGGRESSIVE;
				CLANG_WARN_UNREACHABLE_CODE = YES;
				CLANG_WARN__DUPLICATE_METHOD_MATCH = YES;
				COPY_PHASE_STRIP = NO;
				DEBUG_INFORMATION_FORMAT = "dwarf-with-dsym";
				ENABLE_NS_ASSERTIONS = NO;
				ENABLE_STRICT_OBJC_MSGSEND = YES;
				GCC_C_LANGUAGE_STANDARD = gnu11;
				GCC_NO_COMMON_BLOCKS = YES;
				GCC_WARN_64_TO_32_BIT_CONVERSION = YES;
				GCC_WARN_ABOUT_RETURN_TYPE = YES_ERROR;
				GCC_WARN_UNDECLARED_SELECTOR = YES;
				GCC_WARN_UNINITIALIZED_AUTOS = YES_AGGRESSIVE;
				GCC_WARN_UNUSED_FUNCTION = YES;
				GCC_WARN_UNUSED_VARIABLE = YES;
				IPHONEOS_DEPLOYMENT_TARGET = 14.4;
				MTL_ENABLE_DEBUG_INFO = NO;
				MTL_FAST_MATH = YES;
				SDKROOT = iphoneos;
				SWIFT_COMPILATION_MODE = wholemodule;
				SWIFT_OPTIMIZATION_LEVEL = "-O";
				VALIDATE_PRODUCT = YES;
			};
			name = Release;
		};
		FAB33EBB26A6AC7C0050FB67 /* Debug */ = {
			isa = XCBuildConfiguration;
			buildSettings = {
				ASSETCATALOG_COMPILER_APPICON_NAME = AppIcon;
				ASSETCATALOG_COMPILER_GLOBAL_ACCENT_COLOR_NAME = AccentColor;
				CODE_SIGN_STYLE = Automatic;
				DEVELOPMENT_TEAM = 28T5VPKKDG;
				INFOPLIST_FILE = "Photo-Resizing-Filtering/Info.plist";
				IPHONEOS_DEPLOYMENT_TARGET = 10.0;
				LD_RUNPATH_SEARCH_PATHS = (
					"$(inherited)",
					"@executable_path/Frameworks",
				);
				OTHER_LDFLAGS = "-ObjC";
				PRODUCT_BUNDLE_IDENTIFIER = com.sagar.RF;
				PRODUCT_NAME = "$(TARGET_NAME)";
				SWIFT_VERSION = 5.0;
				TARGETED_DEVICE_FAMILY = "1,2";
			};
			name = Debug;
		};
		FAB33EBC26A6AC7C0050FB67 /* Release */ = {
			isa = XCBuildConfiguration;
			buildSettings = {
				ASSETCATALOG_COMPILER_APPICON_NAME = AppIcon;
				ASSETCATALOG_COMPILER_GLOBAL_ACCENT_COLOR_NAME = AccentColor;
				CODE_SIGN_STYLE = Automatic;
				DEVELOPMENT_TEAM = X5894GC9HK;
				INFOPLIST_FILE = "Photo-Resizing-Filtering/Info.plist";
				IPHONEOS_DEPLOYMENT_TARGET = 10.0;
				LD_RUNPATH_SEARCH_PATHS = (
					"$(inherited)",
					"@executable_path/Frameworks",
				);
				OTHER_LDFLAGS = "-ObjC";
				PRODUCT_BUNDLE_IDENTIFIER = com.sagar.RF;
				PRODUCT_NAME = "$(TARGET_NAME)";
				SWIFT_VERSION = 5.0;
				TARGETED_DEVICE_FAMILY = "1,2";
			};
			name = Release;
		};
/* End XCBuildConfiguration section */

/* Begin XCConfigurationList section */
		FAB33EA126A6AC730050FB67 /* Build configuration list for PBXProject "Photo-Resizing-Filtering" */ = {
			isa = XCConfigurationList;
			buildConfigurations = (
				FAB33EB826A6AC7C0050FB67 /* Debug */,
				FAB33EB926A6AC7C0050FB67 /* Release */,
			);
			defaultConfigurationIsVisible = 0;
			defaultConfigurationName = Release;
		};
		FAB33EBA26A6AC7C0050FB67 /* Build configuration list for PBXNativeTarget "Photo-Resizing-Filtering" */ = {
			isa = XCConfigurationList;
			buildConfigurations = (
				FAB33EBB26A6AC7C0050FB67 /* Debug */,
				FAB33EBC26A6AC7C0050FB67 /* Release */,
			);
			defaultConfigurationIsVisible = 0;
			defaultConfigurationName = Release;
		};
/* End XCConfigurationList section */
	};
	rootObject = FAB33E9E26A6AC730050FB67 /* Project object */;
}
